// !$*UTF8*$!
{
	archiveVersion = 1;
	classes = {
	};
	objectVersion = 56;
	objects = {

/* Begin PBXBuildFile section */
		11C72D9B2A1CA80F004AED85 /* InternApp.swift in Sources */ = {isa = PBXBuildFile; fileRef = 11C72D9A2A1CA80F004AED85 /* InternApp.swift */; };
		11C72D9D2A1CA80F004AED85 /* ContentView.swift in Sources */ = {isa = PBXBuildFile; fileRef = 11C72D9C2A1CA80F004AED85 /* ContentView.swift */; };
		11C72D9F2A1CA810004AED85 /* Assets.xcassets in Resources */ = {isa = PBXBuildFile; fileRef = 11C72D9E2A1CA810004AED85 /* Assets.xcassets */; };
		11C72DA22A1CA810004AED85 /* Preview Assets.xcassets in Resources */ = {isa = PBXBuildFile; fileRef = 11C72DA12A1CA810004AED85 /* Preview Assets.xcassets */; };
		11C72DA92A1CA900004AED85 /* DataSource.swift in Sources */ = {isa = PBXBuildFile; fileRef = 11C72DA82A1CA900004AED85 /* DataSource.swift */; };
		11C72DAB2A1CAC77004AED85 /* Movies.json in Resources */ = {isa = PBXBuildFile; fileRef = 11C72DAA2A1CAC77004AED85 /* Movies.json */; };
		11C72DAE2A1CB05D004AED85 /* MovieListView.swift in Sources */ = {isa = PBXBuildFile; fileRef = 11C72DAD2A1CB05D004AED85 /* MovieListView.swift */; };
		11C72DB02A1CBC48004AED85 /* CounterView.swift in Sources */ = {isa = PBXBuildFile; fileRef = 11C72DAF2A1CBC48004AED85 /* CounterView.swift */; };
		11C72DB22A1CBE7E004AED85 /* Movie.swift in Sources */ = {isa = PBXBuildFile; fileRef = 11C72DB12A1CBE7E004AED85 /* Movie.swift */; };
		11C72DB62A1CC290004AED85 /* MovieDetailView.swift in Sources */ = {isa = PBXBuildFile; fileRef = 11C72DB52A1CC290004AED85 /* MovieDetailView.swift */; };
/* End PBXBuildFile section */

/* Begin PBXFileReference section */
		11C72D972A1CA80F004AED85 /* Intern.app */ = {isa = PBXFileReference; explicitFileType = wrapper.application; includeInIndex = 0; path = Intern.app; sourceTree = BUILT_PRODUCTS_DIR; };
		11C72D9A2A1CA80F004AED85 /* InternApp.swift */ = {isa = PBXFileReference; lastKnownFileType = sourcecode.swift; path = InternApp.swift; sourceTree = "<group>"; };
		11C72D9C2A1CA80F004AED85 /* ContentView.swift */ = {isa = PBXFileReference; lastKnownFileType = sourcecode.swift; path = ContentView.swift; sourceTree = "<group>"; };
		11C72D9E2A1CA810004AED85 /* Assets.xcassets */ = {isa = PBXFileReference; lastKnownFileType = folder.assetcatalog; path = Assets.xcassets; sourceTree = "<group>"; };
		11C72DA12A1CA810004AED85 /* Preview Assets.xcassets */ = {isa = PBXFileReference; lastKnownFileType = folder.assetcatalog; path = "Preview Assets.xcassets"; sourceTree = "<group>"; };
		11C72DA82A1CA900004AED85 /* DataSource.swift */ = {isa = PBXFileReference; lastKnownFileType = sourcecode.swift; path = DataSource.swift; sourceTree = "<group>"; };
		11C72DAA2A1CAC77004AED85 /* Movies.json */ = {isa = PBXFileReference; lastKnownFileType = text.json; path = Movies.json; sourceTree = "<group>"; };
		11C72DAD2A1CB05D004AED85 /* MovieListView.swift */ = {isa = PBXFileReference; lastKnownFileType = sourcecode.swift; path = MovieListView.swift; sourceTree = "<group>"; };
		11C72DAF2A1CBC48004AED85 /* CounterView.swift */ = {isa = PBXFileReference; lastKnownFileType = sourcecode.swift; path = CounterView.swift; sourceTree = "<group>"; };
		11C72DB12A1CBE7E004AED85 /* Movie.swift */ = {isa = PBXFileReference; lastKnownFileType = sourcecode.swift; path = Movie.swift; sourceTree = "<group>"; };
		11C72DB52A1CC290004AED85 /* MovieDetailView.swift */ = {isa = PBXFileReference; lastKnownFileType = sourcecode.swift; path = MovieDetailView.swift; sourceTree = "<group>"; };
/* End PBXFileReference section */

/* Begin PBXFrameworksBuildPhase section */
		11C72D942A1CA80F004AED85 /* Frameworks */ = {
			isa = PBXFrameworksBuildPhase;
			buildActionMask = 2147483647;
			files = (
			);
			runOnlyForDeploymentPostprocessing = 0;
		};
/* End PBXFrameworksBuildPhase section */

/* Begin PBXGroup section */
		11C72D8E2A1CA80F004AED85 = {
			isa = PBXGroup;
			children = (
				11C72D992A1CA80F004AED85 /* Intern */,
				11C72D982A1CA80F004AED85 /* Products */,
			);
			sourceTree = "<group>";
		};
		11C72D982A1CA80F004AED85 /* Products */ = {
			isa = PBXGroup;
			children = (
				11C72D972A1CA80F004AED85 /* Intern.app */,
			);
			name = Products;
			sourceTree = "<group>";
		};
		11C72D992A1CA80F004AED85 /* Intern */ = {
			isa = PBXGroup;
			children = (
				11C72D9A2A1CA80F004AED85 /* InternApp.swift */,
				11C72DA82A1CA900004AED85 /* DataSource.swift */,
				11C72DB42A1CBE9E004AED85 /* Views */,
				11C72DB32A1CBE8A004AED85 /* Models */,
				11C72DAC2A1CAE41004AED85 /* Resources */,
				11C72D9E2A1CA810004AED85 /* Assets.xcassets */,
				11C72DA02A1CA810004AED85 /* Preview Content */,
			);
			path = Intern;
			sourceTree = "<group>";
		};
		11C72DA02A1CA810004AED85 /* Preview Content */ = {
			isa = PBXGroup;
			children = (
				11C72DA12A1CA810004AED85 /* Preview Assets.xcassets */,
			);
			path = "Preview Content";
			sourceTree = "<group>";
		};
		11C72DAC2A1CAE41004AED85 /* Resources */ = {
			isa = PBXGroup;
			children = (
				11C72DAA2A1CAC77004AED85 /* Movies.json */,
			);
			path = Resources;
			sourceTree = "<group>";
		};
		11C72DB32A1CBE8A004AED85 /* Models */ = {
			isa = PBXGroup;
			children = (
				11C72DB12A1CBE7E004AED85 /* Movie.swift */,
			);
			path = Models;
			sourceTree = "<group>";
		};
		11C72DB42A1CBE9E004AED85 /* Views */ = {
			isa = PBXGroup;
			children = (
				11C72D9C2A1CA80F004AED85 /* ContentView.swift */,
				11C72DAF2A1CBC48004AED85 /* CounterView.swift */,
				11C72DAD2A1CB05D004AED85 /* MovieListView.swift */,
				11C72DB52A1CC290004AED85 /* MovieDetailView.swift */,
			);
			path = Views;
			sourceTree = "<group>";
		};
/* End PBXGroup section */

/* Begin PBXNativeTarget section */
		11C72D962A1CA80F004AED85 /* Intern */ = {
			isa = PBXNativeTarget;
			buildConfigurationList = 11C72DA52A1CA810004AED85 /* Build configuration list for PBXNativeTarget "Intern" */;
			buildPhases = (
				11C72D932A1CA80F004AED85 /* Sources */,
				11C72D942A1CA80F004AED85 /* Frameworks */,
				11C72D952A1CA80F004AED85 /* Resources */,
			);
			buildRules = (
			);
			dependencies = (
			);
			name = Intern;
			productName = Intern;
			productReference = 11C72D972A1CA80F004AED85 /* Intern.app */;
			productType = "com.apple.product-type.application";
		};
/* End PBXNativeTarget section */

/* Begin PBXProject section */
		11C72D8F2A1CA80F004AED85 /* Project object */ = {
			isa = PBXProject;
			attributes = {
				BuildIndependentTargetsInParallel = 1;
				LastSwiftUpdateCheck = 1420;
				LastUpgradeCheck = 1420;
				TargetAttributes = {
					11C72D962A1CA80F004AED85 = {
						CreatedOnToolsVersion = 14.2;
					};
				};
			};
			buildConfigurationList = 11C72D922A1CA80F004AED85 /* Build configuration list for PBXProject "Intern" */;
			compatibilityVersion = "Xcode 14.0";
			developmentRegion = en;
			hasScannedForEncodings = 0;
			knownRegions = (
				en,
				Base,
			);
			mainGroup = 11C72D8E2A1CA80F004AED85;
			productRefGroup = 11C72D982A1CA80F004AED85 /* Products */;
			projectDirPath = "";
			projectRoot = "";
			targets = (
				11C72D962A1CA80F004AED85 /* Intern */,
			);
		};
/* End PBXProject section */

/* Begin PBXResourcesBuildPhase section */
		11C72D952A1CA80F004AED85 /* Resources */ = {
			isa = PBXResourcesBuildPhase;
			buildActionMask = 2147483647;
			files = (
				11C72DA22A1CA810004AED85 /* Preview Assets.xcassets in Resources */,
				11C72D9F2A1CA810004AED85 /* Assets.xcassets in Resources */,
				11C72DAB2A1CAC77004AED85 /* Movies.json in Resources */,
			);
			runOnlyForDeploymentPostprocessing = 0;
		};
/* End PBXResourcesBuildPhase section */

/* Begin PBXSourcesBuildPhase section */
		11C72D932A1CA80F004AED85 /* Sources */ = {
			isa = PBXSourcesBuildPhase;
			buildActionMask = 2147483647;
			files = (
				11C72DA92A1CA900004AED85 /* DataSource.swift in Sources */,
				11C72DAE2A1CB05D004AED85 /* MovieListView.swift in Sources */,
				11C72DB22A1CBE7E004AED85 /* Movie.swift in Sources */,
				11C72D9D2A1CA80F004AED85 /* ContentView.swift in Sources */,
				11C72D9B2A1CA80F004AED85 /* InternApp.swift in Sources */,
				11C72DB02A1CBC48004AED85 /* CounterView.swift in Sources */,
				11C72DB62A1CC290004AED85 /* MovieDetailView.swift in Sources */,
			);
			runOnlyForDeploymentPostprocessing = 0;
		};
/* End PBXSourcesBuildPhase section */

/* Begin XCBuildConfiguration section */
		11C72DA32A1CA810004AED85 /* Debug */ = {
			isa = XCBuildConfiguration;
			buildSettings = {
				ALWAYS_SEARCH_USER_PATHS = NO;
				CLANG_ANALYZER_NONNULL = YES;
				CLANG_ANALYZER_NUMBER_OBJECT_CONVERSION = YES_AGGRESSIVE;
				CLANG_CXX_LANGUAGE_STANDARD = "gnu++20";
				CLANG_ENABLE_MODULES = YES;
				CLANG_ENABLE_OBJC_ARC = YES;
				CLANG_ENABLE_OBJC_WEAK = YES;
				CLANG_WARN_BLOCK_CAPTURE_AUTORELEASING = YES;
				CLANG_WARN_BOOL_CONVERSION = YES;
				CLANG_WARN_COMMA = YES;
				CLANG_WARN_CONSTANT_CONVERSION = YES;
				CLANG_WARN_DEPRECATED_OBJC_IMPLEMENTATIONS = YES;
				CLANG_WARN_DIRECT_OBJC_ISA_USAGE = YES_ERROR;
				CLANG_WARN_DOCUMENTATION_COMMENTS = YES;
				CLANG_WARN_EMPTY_BODY = YES;
				CLANG_WARN_ENUM_CONVERSION = YES;
				CLANG_WARN_INFINITE_RECURSION = YES;
				CLANG_WARN_INT_CONVERSION = YES;
				CLANG_WARN_NON_LITERAL_NULL_CONVERSION = YES;
				CLANG_WARN_OBJC_IMPLICIT_RETAIN_SELF = YES;
				CLANG_WARN_OBJC_LITERAL_CONVERSION = YES;
				CLANG_WARN_OBJC_ROOT_CLASS = YES_ERROR;
				CLANG_WARN_QUOTED_INCLUDE_IN_FRAMEWORK_HEADER = YES;
				CLANG_WARN_RANGE_LOOP_ANALYSIS = YES;
				CLANG_WARN_STRICT_PROTOTYPES = YES;
				CLANG_WARN_SUSPICIOUS_MOVE = YES;
				CLANG_WARN_UNGUARDED_AVAILABILITY = YES_AGGRESSIVE;
				CLANG_WARN_UNREACHABLE_CODE = YES;
				CLANG_WARN__DUPLICATE_METHOD_MATCH = YES;
				COPY_PHASE_STRIP = NO;
				DEBUG_INFORMATION_FORMAT = dwarf;
				ENABLE_STRICT_OBJC_MSGSEND = YES;
				ENABLE_TESTABILITY = YES;
				GCC_C_LANGUAGE_STANDARD = gnu11;
				GCC_DYNAMIC_NO_PIC = NO;
				GCC_NO_COMMON_BLOCKS = YES;
				GCC_OPTIMIZATION_LEVEL = 0;
				GCC_PREPROCESSOR_DEFINITIONS = (
					"DEBUG=1",
					"$(inherited)",
				);
				GCC_WARN_64_TO_32_BIT_CONVERSION = YES;
				GCC_WARN_ABOUT_RETURN_TYPE = YES_ERROR;
				GCC_WARN_UNDECLARED_SELECTOR = YES;
				GCC_WARN_UNINITIALIZED_AUTOS = YES_AGGRESSIVE;
				GCC_WARN_UNUSED_FUNCTION = YES;
				GCC_WARN_UNUSED_VARIABLE = YES;
				IPHONEOS_DEPLOYMENT_TARGET = 16.2;
				MTL_ENABLE_DEBUG_INFO = INCLUDE_SOURCE;
				MTL_FAST_MATH = YES;
				ONLY_ACTIVE_ARCH = YES;
				SDKROOT = iphoneos;
				SWIFT_ACTIVE_COMPILATION_CONDITIONS = DEBUG;
				SWIFT_OPTIMIZATION_LEVEL = "-Onone";
			};
			name = Debug;
		};
		11C72DA42A1CA810004AED85 /* Release */ = {
			isa = XCBuildConfiguration;
			buildSettings = {
				ALWAYS_SEARCH_USER_PATHS = NO;
				CLANG_ANALYZER_NONNULL = YES;
				CLANG_ANALYZER_NUMBER_OBJECT_CONVERSION = YES_AGGRESSIVE;
				CLANG_CXX_LANGUAGE_STANDARD = "gnu++20";
				CLANG_ENABLE_MODULES = YES;
				CLANG_ENABLE_OBJC_ARC = YES;
				CLANG_ENABLE_OBJC_WEAK = YES;
				CLANG_WARN_BLOCK_CAPTURE_AUTORELEASING = YES;
				CLANG_WARN_BOOL_CONVERSION = YES;
				CLANG_WARN_COMMA = YES;
				CLANG_WARN_CONSTANT_CONVERSION = YES;
				CLANG_WARN_DEPRECATED_OBJC_IMPLEMENTATIONS = YES;
				CLANG_WARN_DIRECT_OBJC_ISA_USAGE = YES_ERROR;
				CLANG_WARN_DOCUMENTATION_COMMENTS = YES;
				CLANG_WARN_EMPTY_BODY = YES;
				CLANG_WARN_ENUM_CONVERSION = YES;
				CLANG_WARN_INFINITE_RECURSION = YES;
				CLANG_WARN_INT_CONVERSION = YES;
				CLANG_WARN_NON_LITERAL_NULL_CONVERSION = YES;
				CLANG_WARN_OBJC_IMPLICIT_RETAIN_SELF = YES;
				CLANG_WARN_OBJC_LITERAL_CONVERSION = YES;
				CLANG_WARN_OBJC_ROOT_CLASS = YES_ERROR;
				CLANG_WARN_QUOTED_INCLUDE_IN_FRAMEWORK_HEADER = YES;
				CLANG_WARN_RANGE_LOOP_ANALYSIS = YES;
				CLANG_WARN_STRICT_PROTOTYPES = YES;
				CLANG_WARN_SUSPICIOUS_MOVE = YES;
				CLANG_WARN_UNGUARDED_AVAILABILITY = YES_AGGRESSIVE;
				CLANG_WARN_UNREACHABLE_CODE = YES;
				CLANG_WARN__DUPLICATE_METHOD_MATCH = YES;
				COPY_PHASE_STRIP = NO;
				DEBUG_INFORMATION_FORMAT = "dwarf-with-dsym";
				ENABLE_NS_ASSERTIONS = NO;
				ENABLE_STRICT_OBJC_MSGSEND = YES;
				GCC_C_LANGUAGE_STANDARD = gnu11;
				GCC_NO_COMMON_BLOCKS = YES;
				GCC_WARN_64_TO_32_BIT_CONVERSION = YES;
				GCC_WARN_ABOUT_RETURN_TYPE = YES_ERROR;
				GCC_WARN_UNDECLARED_SELECTOR = YES;
				GCC_WARN_UNINITIALIZED_AUTOS = YES_AGGRESSIVE;
				GCC_WARN_UNUSED_FUNCTION = YES;
				GCC_WARN_UNUSED_VARIABLE = YES;
				IPHONEOS_DEPLOYMENT_TARGET = 16.2;
				MTL_ENABLE_DEBUG_INFO = NO;
				MTL_FAST_MATH = YES;
				SDKROOT = iphoneos;
				SWIFT_COMPILATION_MODE = wholemodule;
				SWIFT_OPTIMIZATION_LEVEL = "-O";
				VALIDATE_PRODUCT = YES;
			};
			name = Release;
		};
		11C72DA62A1CA810004AED85 /* Debug */ = {
			isa = XCBuildConfiguration;
			buildSettings = {
				ASSETCATALOG_COMPILER_APPICON_NAME = AppIcon;
				ASSETCATALOG_COMPILER_GLOBAL_ACCENT_COLOR_NAME = AccentColor;
				CODE_SIGN_STYLE = Manual;
				CURRENT_PROJECT_VERSION = 1;
				DEVELOPMENT_ASSET_PATHS = "\"Intern/Preview Content\"";
				DEVELOPMENT_TEAM = "";
				ENABLE_PREVIEWS = YES;
				GENERATE_INFOPLIST_FILE = YES;
				INFOPLIST_KEY_UIApplicationSceneManifest_Generation = YES;
				INFOPLIST_KEY_UIApplicationSupportsIndirectInputEvents = YES;
				INFOPLIST_KEY_UILaunchScreen_Generation = YES;
				INFOPLIST_KEY_UISupportedInterfaceOrientations_iPad = "UIInterfaceOrientationPortrait UIInterfaceOrientationPortraitUpsideDown UIInterfaceOrientationLandscapeLeft UIInterfaceOrientationLandscapeRight";
				INFOPLIST_KEY_UISupportedInterfaceOrientations_iPhone = "UIInterfaceOrientationPortrait UIInterfaceOrientationLandscapeLeft UIInterfaceOrientationLandscapeRight";
				IPHONEOS_DEPLOYMENT_TARGET = 15.0;
				LD_RUNPATH_SEARCH_PATHS = (
					"$(inherited)",
					"@executable_path/Frameworks",
				);
				MARKETING_VERSION = 1.0;
				PRODUCT_BUNDLE_IDENTIFIER = com.attrecto.ios.learn.Intern;
				PRODUCT_NAME = "$(TARGET_NAME)";
				PROVISIONING_PROFILE_SPECIFIER = "";
				SWIFT_EMIT_LOC_STRINGS = YES;
				SWIFT_VERSION = 5.0;
				TARGETED_DEVICE_FAMILY = "1,2";
			};
			name = Debug;
		};
		11C72DA72A1CA810004AED85 /* Release */ = {
			isa = XCBuildConfiguration;
			buildSettings = {
				ASSETCATALOG_COMPILER_APPICON_NAME = AppIcon;
				ASSETCATALOG_COMPILER_GLOBAL_ACCENT_COLOR_NAME = AccentColor;
				CODE_SIGN_STYLE = Manual;
				CURRENT_PROJECT_VERSION = 1;
				DEVELOPMENT_ASSET_PATHS = "\"Intern/Preview Content\"";
				DEVELOPMENT_TEAM = "";
				ENABLE_PREVIEWS = YES;
				GENERATE_INFOPLIST_FILE = YES;
				INFOPLIST_KEY_UIApplicationSceneManifest_Generation = YES;
				INFOPLIST_KEY_UIApplicationSupportsIndirectInputEvents = YES;
				INFOPLIST_KEY_UILaunchScreen_Generation = YES;
				INFOPLIST_KEY_UISupportedInterfaceOrientations_iPad = "UIInterfaceOrientationPortrait UIInterfaceOrientationPortraitUpsideDown UIInterfaceOrientationLandscapeLeft UIInterfaceOrientationLandscapeRight";
				INFOPLIST_KEY_UISupportedInterfaceOrientations_iPhone = "UIInterfaceOrientationPortrait UIInterfaceOrientationLandscapeLeft UIInterfaceOrientationLandscapeRight";
				IPHONEOS_DEPLOYMENT_TARGET = 15.0;
				LD_RUNPATH_SEARCH_PATHS = (
					"$(inherited)",
					"@executable_path/Frameworks",
				);
				MARKETING_VERSION = 1.0;
				PRODUCT_BUNDLE_IDENTIFIER = com.attrecto.ios.learn.Intern;
				PRODUCT_NAME = "$(TARGET_NAME)";
				PROVISIONING_PROFILE_SPECIFIER = "";
				SWIFT_EMIT_LOC_STRINGS = YES;
				SWIFT_VERSION = 5.0;
				TARGETED_DEVICE_FAMILY = "1,2";
			};
			name = Release;
		};
/* End XCBuildConfiguration section */

/* Begin XCConfigurationList section */
		11C72D922A1CA80F004AED85 /* Build configuration list for PBXProject "Intern" */ = {
			isa = XCConfigurationList;
			buildConfigurations = (
				11C72DA32A1CA810004AED85 /* Debug */,
				11C72DA42A1CA810004AED85 /* Release */,
			);
			defaultConfigurationIsVisible = 0;
			defaultConfigurationName = Release;
		};
		11C72DA52A1CA810004AED85 /* Build configuration list for PBXNativeTarget "Intern" */ = {
			isa = XCConfigurationList;
			buildConfigurations = (
				11C72DA62A1CA810004AED85 /* Debug */,
				11C72DA72A1CA810004AED85 /* Release */,
			);
			defaultConfigurationIsVisible = 0;
			defaultConfigurationName = Release;
		};
/* End XCConfigurationList section */
	};
	rootObject = 11C72D8F2A1CA80F004AED85 /* Project object */;
}
